
Microsoft Visual Studio Solution File, Format Version 12.00
# Visual Studio Version 16
VisualStudioVersion = 16.0.29201.188
MinimumVisualStudioVersion = 10.0.40219.1
Project("{9A19103F-16F7-4668-BE54-9A1E7A4F7556}") = "UICMA.API", "UICMA.API\UICMA.API.csproj", "{99D30A86-278A-4667-8522-8BE3F9F75C2A}"
EndProject
Project("{9A19103F-16F7-4668-BE54-9A1E7A4F7556}") = "UICMA.Domain", "UICMA.Domain\UICMA.Domain.csproj", "{669C2FAA-1CA5-4394-9E26-5256704C562C}"
EndProject
Project("{9A19103F-16F7-4668-BE54-9A1E7A4F7556}") = "UICMA.Repository", "UICMA.Repository\UICMA.Repository.csproj", "{440A6D30-8563-474F-907E-E9425985540D}"
EndProject
Project("{9A19103F-16F7-4668-BE54-9A1E7A4F7556}") = "UICMA.Service", "UICMA.Service\UICMA.Service.csproj", "{3906D794-0FD9-4D12-979E-0DD15E87F015}"
EndProject
Project("{FAE04EC0-301F-11D3-BF4B-00C04F79EFBC}") = "UICMA.Utilities", "UICMA.Utilities\UICMA.Utilities.csproj", "{8C9BA0D4-EEA1-4388-96E9-927B57D43EFF}"
EndProject
Global
	GlobalSection(SolutionConfigurationPlatforms) = preSolution
		Debug|Any CPU = Debug|Any CPU
		Release|Any CPU = Release|Any CPU
	EndGlobalSection
	GlobalSection(ProjectConfigurationPlatforms) = postSolution
		{99D30A86-278A-4667-8522-8BE3F9F75C2A}.Debug|Any CPU.ActiveCfg = Debug|Any CPU
		{99D30A86-278A-4667-8522-8BE3F9F75C2A}.Debug|Any CPU.Build.0 = Debug|Any CPU
		{99D30A86-278A-4667-8522-8BE3F9F75C2A}.Release|Any CPU.ActiveCfg = Release|Any CPU
		{99D30A86-278A-4667-8522-8BE3F9F75C2A}.Release|Any CPU.Build.0 = Release|Any CPU
		{669C2FAA-1CA5-4394-9E26-5256704C562C}.Debug|Any CPU.ActiveCfg = Debug|Any CPU
		{669C2FAA-1CA5-4394-9E26-5256704C562C}.Debug|Any CPU.Build.0 = Debug|Any CPU
		{669C2FAA-1CA5-4394-9E26-5256704C562C}.Release|Any CPU.ActiveCfg = Release|Any CPU
		{669C2FAA-1CA5-4394-9E26-5256704C562C}.Release|Any CPU.Build.0 = Release|Any CPU
		{440A6D30-8563-474F-907E-E9425985540D}.Debug|Any CPU.ActiveCfg = Debug|Any CPU
		{440A6D30-8563-474F-907E-E9425985540D}.Debug|Any CPU.Build.0 = Debug|Any CPU
		{440A6D30-8563-474F-907E-E9425985540D}.Release|Any CPU.ActiveCfg = Release|Any CPU
		{440A6D30-8563-474F-907E-E9425985540D}.Release|Any CPU.Build.0 = Release|Any CPU
		{3906D794-0FD9-4D12-979E-0DD15E87F015}.Debug|Any CPU.ActiveCfg = Debug|Any CPU
		{3906D794-0FD9-4D12-979E-0DD15E87F015}.Debug|Any CPU.Build.0 = Debug|Any CPU
		{3906D794-0FD9-4D12-979E-0DD15E87F015}.Release|Any CPU.ActiveCfg = Release|Any CPU
		{3906D794-0FD9-4D12-979E-0DD15E87F015}.Release|Any CPU.Build.0 = Release|Any CPU
		{8C9BA0D4-EEA1-4388-96E9-927B57D43EFF}.Debug|Any CPU.ActiveCfg = Debug|Any CPU
		{8C9BA0D4-EEA1-4388-96E9-927B57D43EFF}.Debug|Any CPU.Build.0 = Debug|Any CPU
		{8C9BA0D4-EEA1-4388-96E9-927B57D43EFF}.Release|Any CPU.ActiveCfg = Release|Any CPU
		{8C9BA0D4-EEA1-4388-96E9-927B57D43EFF}.Release|Any CPU.Build.0 = Release|Any CPU
	EndGlobalSection
	GlobalSection(SolutionProperties) = preSolution
		HideSolutionNode = FALSE
	EndGlobalSection
	GlobalSection(ExtensibilityGlobals) = postSolution
		SolutionGuid = {A8CFC269-F099-45ED-992F-5FBA5CB83AF0}
	EndGlobalSection
EndGlobal
